
Microsoft Visual Studio Solution File, Format Version 12.00
# Visual Studio Version 17
VisualStudioVersion = 17.5.33530.505
MinimumVisualStudioVersion = 10.0.40219.1
Project("{FAE04EC0-301F-11D3-BF4B-00C04F79EFBC}") = "usandoMatematica", "usandoMatematica.csproj", "{03A71351-69E8-4978-BD72-C8226DB11D96}"
EndProject
Global
	GlobalSection(SolutionConfigurationPlatforms) = preSolution
		Debug|Any CPU = Debug|Any CPU
		Release|Any CPU = Release|Any CPU
	EndGlobalSection
	GlobalSection(ProjectConfigurationPlatforms) = postSolution
		{03A71351-69E8-4978-BD72-C8226DB11D96}.Debug|Any CPU.ActiveCfg = Debug|Any CPU
		{03A71351-69E8-4978-BD72-C8226DB11D96}.Debug|Any CPU.Build.0 = Debug|Any CPU
		{03A71351-69E8-4978-BD72-C8226DB11D96}.Release|Any CPU.ActiveCfg = Release|Any CPU
		{03A71351-69E8-4978-BD72-C8226DB11D96}.Release|Any CPU.Build.0 = Release|Any CPU
	EndGlobalSection
	GlobalSection(SolutionProperties) = preSolution
		HideSolutionNode = FALSE
	EndGlobalSection
	GlobalSection(ExtensibilityGlobals) = postSolution
		SolutionGuid = {241931CD-D17C-4618-A048-8D5D86CCDB4B}
	EndGlobalSection
EndGlobal
