
Microsoft Visual Studio Solution File, Format Version 12.00
# Visual Studio Version 17
VisualStudioVersion = 17.5.33530.505
MinimumVisualStudioVersion = 10.0.40219.1
Project("{FAE04EC0-301F-11D3-BF4B-00C04F79EFBC}") = "chamandoUmaArray", "chamandoUmaArray.csproj", "{91C9F3D7-9783-484A-8C02-A5A527C2F8BA}"
EndProject
Global
	GlobalSection(SolutionConfigurationPlatforms) = preSolution
		Debug|Any CPU = Debug|Any CPU
		Release|Any CPU = Release|Any CPU
	EndGlobalSection
	GlobalSection(ProjectConfigurationPlatforms) = postSolution
		{91C9F3D7-9783-484A-8C02-A5A527C2F8BA}.Debug|Any CPU.ActiveCfg = Debug|Any CPU
		{91C9F3D7-9783-484A-8C02-A5A527C2F8BA}.Debug|Any CPU.Build.0 = Debug|Any CPU
		{91C9F3D7-9783-484A-8C02-A5A527C2F8BA}.Release|Any CPU.ActiveCfg = Release|Any CPU
		{91C9F3D7-9783-484A-8C02-A5A527C2F8BA}.Release|Any CPU.Build.0 = Release|Any CPU
	EndGlobalSection
	GlobalSection(SolutionProperties) = preSolution
		HideSolutionNode = FALSE
	EndGlobalSection
	GlobalSection(ExtensibilityGlobals) = postSolution
		SolutionGuid = {3BCB12F8-6E27-4561-8E69-D29E6C47F152}
	EndGlobalSection
EndGlobal
